
Microsoft Visual Studio Solution File, Format Version 12.00
# Visual Studio Version 17
VisualStudioVersion = 17.7.34018.315
MinimumVisualStudioVersion = 10.0.40219.1
Project("{FAE04EC0-301F-11D3-BF4B-00C04F79EFBC}") = "Project 19.Models.Identity.Mongo", "Project 19.Models.Identity.Mongo\Project 19.Models.Identity.Mongo.csproj", "{3B554D1A-BB7C-4F9D-A872-A05E4AEF8D3D}"
EndProject
Global
	GlobalSection(SolutionConfigurationPlatforms) = preSolution
		Debug|Any CPU = Debug|Any CPU
		Release|Any CPU = Release|Any CPU
	EndGlobalSection
	GlobalSection(ProjectConfigurationPlatforms) = postSolution
		{3B554D1A-BB7C-4F9D-A872-A05E4AEF8D3D}.Debug|Any CPU.ActiveCfg = Debug|Any CPU
		{3B554D1A-BB7C-4F9D-A872-A05E4AEF8D3D}.Debug|Any CPU.Build.0 = Debug|Any CPU
		{3B554D1A-BB7C-4F9D-A872-A05E4AEF8D3D}.Release|Any CPU.ActiveCfg = Release|Any CPU
		{3B554D1A-BB7C-4F9D-A872-A05E4AEF8D3D}.Release|Any CPU.Build.0 = Release|Any CPU
	EndGlobalSection
	GlobalSection(SolutionProperties) = preSolution
		HideSolutionNode = FALSE
	EndGlobalSection
	GlobalSection(ExtensibilityGlobals) = postSolution
		SolutionGuid = {CD7E6099-A149-4C07-B5A3-8AEE53519DB6}
	EndGlobalSection
EndGlobal
